
Microsoft Visual Studio Solution File, Format Version 12.00
# Visual Studio Version 17
VisualStudioVersion = 17.6.33829.357
MinimumVisualStudioVersion = 10.0.40219.1
Project("{9A19103F-16F7-4668-BE54-9A1E7A4F7556}") = "Easy Laundry", "Easy Laundry\Easy Laundry.csproj", "{B4F965F7-4C6A-48F3-ABA5-D66689AF6255}"
EndProject
Project("{2150E333-8FDC-42A3-9474-1A3956D46DE8}") = "Solution Items", "Solution Items", "{1526AC7E-D43C-464D-A30B-18AC06D3113F}"
	ProjectSection(SolutionItems) = preProject
		.editorconfig = .editorconfig
	EndProjectSection
EndProject
Global
	GlobalSection(SolutionConfigurationPlatforms) = preSolution
		Debug|Any CPU = Debug|Any CPU
		Release|Any CPU = Release|Any CPU
	EndGlobalSection
	GlobalSection(ProjectConfigurationPlatforms) = postSolution
		{B4F965F7-4C6A-48F3-ABA5-D66689AF6255}.Debug|Any CPU.ActiveCfg = Debug|Any CPU
		{B4F965F7-4C6A-48F3-ABA5-D66689AF6255}.Debug|Any CPU.Build.0 = Debug|Any CPU
		{B4F965F7-4C6A-48F3-ABA5-D66689AF6255}.Release|Any CPU.ActiveCfg = Release|Any CPU
		{B4F965F7-4C6A-48F3-ABA5-D66689AF6255}.Release|Any CPU.Build.0 = Release|Any CPU
	EndGlobalSection
	GlobalSection(SolutionProperties) = preSolution
		HideSolutionNode = FALSE
	EndGlobalSection
	GlobalSection(ExtensibilityGlobals) = postSolution
		SolutionGuid = {027E6E82-305E-41DF-8C02-04389538F55B}
	EndGlobalSection
EndGlobal
