
Microsoft Visual Studio Solution File, Format Version 12.00
# Visual Studio Version 17
VisualStudioVersion = 17.6.33829.357
MinimumVisualStudioVersion = 10.0.40219.1
Project("{FAE04EC0-301F-11D3-BF4B-00C04F79EFBC}") = "Easy Laundry", "Easy Laundry\Easy Laundry.csproj", "{B4F965F7-4C6A-48F3-ABA5-D66689AF6255}"
EndProject
Global
	GlobalSection(SolutionConfigurationPlatforms) = preSolution
		Debug|Any CPU = Debug|Any CPU
		Release|Any CPU = Release|Any CPU
	EndGlobalSection
	GlobalSection(ProjectConfigurationPlatforms) = postSolution
		{B4F965F7-4C6A-48F3-ABA5-D66689AF6255}.Debug|Any CPU.ActiveCfg = Debug|Any CPU
		{B4F965F7-4C6A-48F3-ABA5-D66689AF6255}.Debug|Any CPU.Build.0 = Debug|Any CPU
		{B4F965F7-4C6A-48F3-ABA5-D66689AF6255}.Release|Any CPU.ActiveCfg = Release|Any CPU
		{B4F965F7-4C6A-48F3-ABA5-D66689AF6255}.Release|Any CPU.Build.0 = Release|Any CPU
	EndGlobalSection
	GlobalSection(SolutionProperties) = preSolution
		HideSolutionNode = FALSE
	EndGlobalSection
	GlobalSection(ExtensibilityGlobals) = postSolution
		SolutionGuid = {027E6E82-305E-41DF-8C02-04389538F55B}
	EndGlobalSection
EndGlobal
